
Microsoft Visual Studio Solution File, Format Version 11.00
# Visual Studio 2010
# SharpDevelop 4.4
Project("{FAE04EC0-301F-11D3-BF4B-00C04F79EFBC}") = "consoleApp1", "consoleApp1\consoleApp1.csproj", "{F9892B6A-50F2-48DD-95E0-B0A7C86E73CA}"
EndProject
Global
	GlobalSection(SolutionConfigurationPlatforms) = preSolution
		Debug|Any CPU = Debug|Any CPU
		Release|Any CPU = Release|Any CPU
	EndGlobalSection
	GlobalSection(ProjectConfigurationPlatforms) = postSolution
		{F9892B6A-50F2-48DD-95E0-B0A7C86E73CA}.Debug|Any CPU.Build.0 = Debug|Any CPU
		{F9892B6A-50F2-48DD-95E0-B0A7C86E73CA}.Debug|Any CPU.ActiveCfg = Debug|Any CPU
		{F9892B6A-50F2-48DD-95E0-B0A7C86E73CA}.Release|Any CPU.Build.0 = Release|Any CPU
		{F9892B6A-50F2-48DD-95E0-B0A7C86E73CA}.Release|Any CPU.ActiveCfg = Release|Any CPU
	EndGlobalSection
EndGlobal
